
Microsoft Visual Studio Solution File, Format Version 12.00
# Visual Studio Version 16
VisualStudioVersion = 16.0.31205.134
MinimumVisualStudioVersion = 10.0.40219.1
Project("{9A19103F-16F7-4668-BE54-9A1E7A4F7556}") = "RegistrationService.Web", "RegistrationService\RegistrationService.Web.csproj", "{BE63B863-52B7-4CFA-97E1-E6983BDDBC00}"
EndProject
Project("{9A19103F-16F7-4668-BE54-9A1E7A4F7556}") = "Registration.BLL", "Registration.BLL\Registration.BLL.csproj", "{E1FF8EC2-BE78-461A-A9AE-11CF728186BB}"
EndProject
Project("{2150E333-8FDC-42A3-9474-1A3956D46DE8}") = "Registration", "Registration", "{1958FFC5-C815-465C-AB6D-BD18D2578D36}"
EndProject
Project("{2150E333-8FDC-42A3-9474-1A3956D46DE8}") = "MessageRecieverService", "MessageRecieverService", "{F94BC1A9-25C6-4883-902C-75C0BEE5D940}"
EndProject
Project("{9A19103F-16F7-4668-BE54-9A1E7A4F7556}") = "MessageReciever.Web", "MessageReciever.Web\MessageReciever.Web.csproj", "{F166E08E-1A29-44A1-AA5D-6CB340859E5F}"
EndProject
Project("{9A19103F-16F7-4668-BE54-9A1E7A4F7556}") = "MessageReciever.BLL", "MessageReciever.BLL\MessageReciever.BLL.csproj", "{CF07A8C5-2B05-4918-9B2F-EE101A127200}"
EndProject
Project("{2150E333-8FDC-42A3-9474-1A3956D46DE8}") = "MessageProcessingService", "MessageProcessingService", "{835264E9-27A0-4E6E-9F23-6BC4F2D24E13}"
EndProject
Project("{2150E333-8FDC-42A3-9474-1A3956D46DE8}") = "Common", "Common", "{C98BD315-9049-45DA-9D3D-7F8C36E141CA}"
EndProject
Project("{9A19103F-16F7-4668-BE54-9A1E7A4F7556}") = "PUSHApplication.DAL", "PUSHApplication.DAL\PUSHApplication.DAL.csproj", "{E749BD84-F25F-41A7-B437-68C2ABE45239}"
EndProject
Project("{9A19103F-16F7-4668-BE54-9A1E7A4F7556}") = "MessageProcessing.BLL", "MessageProcessingService.BLL\MessageProcessing.BLL.csproj", "{92307B6A-4486-4949-AB65-99D147F3608F}"
EndProject
Project("{9A19103F-16F7-4668-BE54-9A1E7A4F7556}") = "MessageProcessing.Web", "MessageProcessing.Web\MessageProcessing.Web.csproj", "{91CB003A-DE87-46FB-A5C2-47FF23D91F88}"
EndProject
Project("{2150E333-8FDC-42A3-9474-1A3956D46DE8}") = "FirebaseService", "FirebaseService", "{0DA8858A-32D5-40C9-9674-92F095463427}"
EndProject
Project("{9A19103F-16F7-4668-BE54-9A1E7A4F7556}") = "Firebase.BLL", "Firebase.BLL\Firebase.BLL.csproj", "{AABDE664-8505-4952-B9A1-047083D04B91}"
EndProject
Project("{9A19103F-16F7-4668-BE54-9A1E7A4F7556}") = "FirebaseService.Web", "FirebaseService.Web\FirebaseService.Web.csproj", "{1922803B-4195-4B50-89DC-71EB98D82F16}"
EndProject
Project("{9A19103F-16F7-4668-BE54-9A1E7A4F7556}") = "MessageQueueConfiguration", "MessageQueueConfiguration\MessageQueueConfiguration.csproj", "{5C1E42E3-5924-4B16-AE1E-089587EA15DB}"
EndProject
Project("{2150E333-8FDC-42A3-9474-1A3956D46DE8}") = "StatisticService", "StatisticService", "{FB4505E4-4DB2-45D2-9B63-24E6743C8979}"
EndProject
Project("{9A19103F-16F7-4668-BE54-9A1E7A4F7556}") = "Statistic.BLL", "Statistic.BLL\Statistic.BLL.csproj", "{430E0601-A393-43A8-B6E4-8BB8B937400F}"
EndProject
Project("{9A19103F-16F7-4668-BE54-9A1E7A4F7556}") = "Paging", "Paging\Paging.csproj", "{AB75C4B5-4607-4E91-8ACA-FC66C6E8F317}"
EndProject
Project("{FAE04EC0-301F-11D3-BF4B-00C04F79EFBC}") = "Statistic.Web", "Statistic.Web\Statistic.Web.csproj", "{34A468C9-B8D9-4CD8-AF88-6B8727955A63}"
EndProject
Global
	GlobalSection(SolutionConfigurationPlatforms) = preSolution
		Debug|Any CPU = Debug|Any CPU
		Release|Any CPU = Release|Any CPU
	EndGlobalSection
	GlobalSection(ProjectConfigurationPlatforms) = postSolution
		{BE63B863-52B7-4CFA-97E1-E6983BDDBC00}.Debug|Any CPU.ActiveCfg = Debug|Any CPU
		{BE63B863-52B7-4CFA-97E1-E6983BDDBC00}.Debug|Any CPU.Build.0 = Debug|Any CPU
		{BE63B863-52B7-4CFA-97E1-E6983BDDBC00}.Release|Any CPU.ActiveCfg = Release|Any CPU
		{BE63B863-52B7-4CFA-97E1-E6983BDDBC00}.Release|Any CPU.Build.0 = Release|Any CPU
		{E1FF8EC2-BE78-461A-A9AE-11CF728186BB}.Debug|Any CPU.ActiveCfg = Debug|Any CPU
		{E1FF8EC2-BE78-461A-A9AE-11CF728186BB}.Debug|Any CPU.Build.0 = Debug|Any CPU
		{E1FF8EC2-BE78-461A-A9AE-11CF728186BB}.Release|Any CPU.ActiveCfg = Release|Any CPU
		{E1FF8EC2-BE78-461A-A9AE-11CF728186BB}.Release|Any CPU.Build.0 = Release|Any CPU
		{F166E08E-1A29-44A1-AA5D-6CB340859E5F}.Debug|Any CPU.ActiveCfg = Debug|Any CPU
		{F166E08E-1A29-44A1-AA5D-6CB340859E5F}.Debug|Any CPU.Build.0 = Debug|Any CPU
		{F166E08E-1A29-44A1-AA5D-6CB340859E5F}.Release|Any CPU.ActiveCfg = Release|Any CPU
		{F166E08E-1A29-44A1-AA5D-6CB340859E5F}.Release|Any CPU.Build.0 = Release|Any CPU
		{CF07A8C5-2B05-4918-9B2F-EE101A127200}.Debug|Any CPU.ActiveCfg = Debug|Any CPU
		{CF07A8C5-2B05-4918-9B2F-EE101A127200}.Debug|Any CPU.Build.0 = Debug|Any CPU
		{CF07A8C5-2B05-4918-9B2F-EE101A127200}.Release|Any CPU.ActiveCfg = Release|Any CPU
		{CF07A8C5-2B05-4918-9B2F-EE101A127200}.Release|Any CPU.Build.0 = Release|Any CPU
		{E749BD84-F25F-41A7-B437-68C2ABE45239}.Debug|Any CPU.ActiveCfg = Debug|Any CPU
		{E749BD84-F25F-41A7-B437-68C2ABE45239}.Debug|Any CPU.Build.0 = Debug|Any CPU
		{E749BD84-F25F-41A7-B437-68C2ABE45239}.Release|Any CPU.ActiveCfg = Release|Any CPU
		{E749BD84-F25F-41A7-B437-68C2ABE45239}.Release|Any CPU.Build.0 = Release|Any CPU
		{92307B6A-4486-4949-AB65-99D147F3608F}.Debug|Any CPU.ActiveCfg = Debug|Any CPU
		{92307B6A-4486-4949-AB65-99D147F3608F}.Debug|Any CPU.Build.0 = Debug|Any CPU
		{92307B6A-4486-4949-AB65-99D147F3608F}.Release|Any CPU.ActiveCfg = Release|Any CPU
		{92307B6A-4486-4949-AB65-99D147F3608F}.Release|Any CPU.Build.0 = Release|Any CPU
		{91CB003A-DE87-46FB-A5C2-47FF23D91F88}.Debug|Any CPU.ActiveCfg = Debug|Any CPU
		{91CB003A-DE87-46FB-A5C2-47FF23D91F88}.Debug|Any CPU.Build.0 = Debug|Any CPU
		{91CB003A-DE87-46FB-A5C2-47FF23D91F88}.Release|Any CPU.ActiveCfg = Release|Any CPU
		{91CB003A-DE87-46FB-A5C2-47FF23D91F88}.Release|Any CPU.Build.0 = Release|Any CPU
		{AABDE664-8505-4952-B9A1-047083D04B91}.Debug|Any CPU.ActiveCfg = Debug|Any CPU
		{AABDE664-8505-4952-B9A1-047083D04B91}.Debug|Any CPU.Build.0 = Debug|Any CPU
		{AABDE664-8505-4952-B9A1-047083D04B91}.Release|Any CPU.ActiveCfg = Release|Any CPU
		{AABDE664-8505-4952-B9A1-047083D04B91}.Release|Any CPU.Build.0 = Release|Any CPU
		{1922803B-4195-4B50-89DC-71EB98D82F16}.Debug|Any CPU.ActiveCfg = Debug|Any CPU
		{1922803B-4195-4B50-89DC-71EB98D82F16}.Debug|Any CPU.Build.0 = Debug|Any CPU
		{1922803B-4195-4B50-89DC-71EB98D82F16}.Release|Any CPU.ActiveCfg = Release|Any CPU
		{1922803B-4195-4B50-89DC-71EB98D82F16}.Release|Any CPU.Build.0 = Release|Any CPU
		{5C1E42E3-5924-4B16-AE1E-089587EA15DB}.Debug|Any CPU.ActiveCfg = Debug|Any CPU
		{5C1E42E3-5924-4B16-AE1E-089587EA15DB}.Debug|Any CPU.Build.0 = Debug|Any CPU
		{5C1E42E3-5924-4B16-AE1E-089587EA15DB}.Release|Any CPU.ActiveCfg = Release|Any CPU
		{5C1E42E3-5924-4B16-AE1E-089587EA15DB}.Release|Any CPU.Build.0 = Release|Any CPU
		{430E0601-A393-43A8-B6E4-8BB8B937400F}.Debug|Any CPU.ActiveCfg = Debug|Any CPU
		{430E0601-A393-43A8-B6E4-8BB8B937400F}.Debug|Any CPU.Build.0 = Debug|Any CPU
		{430E0601-A393-43A8-B6E4-8BB8B937400F}.Release|Any CPU.ActiveCfg = Release|Any CPU
		{430E0601-A393-43A8-B6E4-8BB8B937400F}.Release|Any CPU.Build.0 = Release|Any CPU
		{AB75C4B5-4607-4E91-8ACA-FC66C6E8F317}.Debug|Any CPU.ActiveCfg = Debug|Any CPU
		{AB75C4B5-4607-4E91-8ACA-FC66C6E8F317}.Debug|Any CPU.Build.0 = Debug|Any CPU
		{AB75C4B5-4607-4E91-8ACA-FC66C6E8F317}.Release|Any CPU.ActiveCfg = Release|Any CPU
		{AB75C4B5-4607-4E91-8ACA-FC66C6E8F317}.Release|Any CPU.Build.0 = Release|Any CPU
		{34A468C9-B8D9-4CD8-AF88-6B8727955A63}.Debug|Any CPU.ActiveCfg = Debug|Any CPU
		{34A468C9-B8D9-4CD8-AF88-6B8727955A63}.Debug|Any CPU.Build.0 = Debug|Any CPU
		{34A468C9-B8D9-4CD8-AF88-6B8727955A63}.Release|Any CPU.ActiveCfg = Release|Any CPU
		{34A468C9-B8D9-4CD8-AF88-6B8727955A63}.Release|Any CPU.Build.0 = Release|Any CPU
	EndGlobalSection
	GlobalSection(SolutionProperties) = preSolution
		HideSolutionNode = FALSE
	EndGlobalSection
	GlobalSection(NestedProjects) = preSolution
		{BE63B863-52B7-4CFA-97E1-E6983BDDBC00} = {1958FFC5-C815-465C-AB6D-BD18D2578D36}
		{E1FF8EC2-BE78-461A-A9AE-11CF728186BB} = {1958FFC5-C815-465C-AB6D-BD18D2578D36}
		{F166E08E-1A29-44A1-AA5D-6CB340859E5F} = {F94BC1A9-25C6-4883-902C-75C0BEE5D940}
		{CF07A8C5-2B05-4918-9B2F-EE101A127200} = {F94BC1A9-25C6-4883-902C-75C0BEE5D940}
		{E749BD84-F25F-41A7-B437-68C2ABE45239} = {C98BD315-9049-45DA-9D3D-7F8C36E141CA}
		{92307B6A-4486-4949-AB65-99D147F3608F} = {835264E9-27A0-4E6E-9F23-6BC4F2D24E13}
		{91CB003A-DE87-46FB-A5C2-47FF23D91F88} = {835264E9-27A0-4E6E-9F23-6BC4F2D24E13}
		{AABDE664-8505-4952-B9A1-047083D04B91} = {0DA8858A-32D5-40C9-9674-92F095463427}
		{1922803B-4195-4B50-89DC-71EB98D82F16} = {0DA8858A-32D5-40C9-9674-92F095463427}
		{5C1E42E3-5924-4B16-AE1E-089587EA15DB} = {C98BD315-9049-45DA-9D3D-7F8C36E141CA}
		{430E0601-A393-43A8-B6E4-8BB8B937400F} = {FB4505E4-4DB2-45D2-9B63-24E6743C8979}
		{AB75C4B5-4607-4E91-8ACA-FC66C6E8F317} = {C98BD315-9049-45DA-9D3D-7F8C36E141CA}
		{34A468C9-B8D9-4CD8-AF88-6B8727955A63} = {FB4505E4-4DB2-45D2-9B63-24E6743C8979}
	EndGlobalSection
	GlobalSection(ExtensibilityGlobals) = postSolution
		SolutionGuid = {D96B6561-6EF3-4E61-8AA8-D82EE27AD798}
	EndGlobalSection
EndGlobal
